
Microsoft Visual Studio Solution File, Format Version 12.00
# Visual Studio 15
VisualStudioVersion = 15.0.28010.2019
MinimumVisualStudioVersion = 10.0.40219.1
Project("{8BC9CEB8-8B4A-11D0-8D11-00A0C91BC942}") = "mlock", "mlock\mlock.vcxproj", "{5D3E698B-65AE-4B6E-B348-73013CD43F16}"
EndProject
Project("{8BC9CEB8-8B4A-11D0-8D11-00A0C91BC942}") = "mlock-tests", "mlock-tests\mlock-tests.vcxproj", "{AD10289E-808F-42D9-9239-55D152EDE177}"
EndProject
Global
	GlobalSection(SolutionConfigurationPlatforms) = preSolution
		Debug|x64 = Debug|x64
		Debug|x86 = Debug|x86
		Release|x64 = Release|x64
		Release|x86 = Release|x86
	EndGlobalSection
	GlobalSection(ProjectConfigurationPlatforms) = postSolution
		{5D3E698B-65AE-4B6E-B348-73013CD43F16}.Debug|x64.ActiveCfg = Debug|x64
		{5D3E698B-65AE-4B6E-B348-73013CD43F16}.Debug|x64.Build.0 = Debug|x64
		{5D3E698B-65AE-4B6E-B348-73013CD43F16}.Debug|x86.ActiveCfg = Debug|Win32
		{5D3E698B-65AE-4B6E-B348-73013CD43F16}.Debug|x86.Build.0 = Debug|Win32
		{5D3E698B-65AE-4B6E-B348-73013CD43F16}.Release|x64.ActiveCfg = Release|x64
		{5D3E698B-65AE-4B6E-B348-73013CD43F16}.Release|x64.Build.0 = Release|x64
		{5D3E698B-65AE-4B6E-B348-73013CD43F16}.Release|x86.ActiveCfg = Release|Win32
		{5D3E698B-65AE-4B6E-B348-73013CD43F16}.Release|x86.Build.0 = Release|Win32
		{AD10289E-808F-42D9-9239-55D152EDE177}.Debug|x64.ActiveCfg = Debug|x64
		{AD10289E-808F-42D9-9239-55D152EDE177}.Debug|x64.Build.0 = Debug|x64
		{AD10289E-808F-42D9-9239-55D152EDE177}.Debug|x86.ActiveCfg = Debug|Win32
		{AD10289E-808F-42D9-9239-55D152EDE177}.Debug|x86.Build.0 = Debug|Win32
		{AD10289E-808F-42D9-9239-55D152EDE177}.Release|x64.ActiveCfg = Release|x64
		{AD10289E-808F-42D9-9239-55D152EDE177}.Release|x64.Build.0 = Release|x64
		{AD10289E-808F-42D9-9239-55D152EDE177}.Release|x86.ActiveCfg = Release|Win32
		{AD10289E-808F-42D9-9239-55D152EDE177}.Release|x86.Build.0 = Release|Win32
	EndGlobalSection
	GlobalSection(SolutionProperties) = preSolution
		HideSolutionNode = FALSE
	EndGlobalSection
	GlobalSection(ExtensibilityGlobals) = postSolution
		SolutionGuid = {5A412E2F-2D31-43C3-B993-30A079A6AD5E}
	EndGlobalSection
EndGlobal
